
Microsoft Visual Studio Solution File, Format Version 12.00
# Visual Studio Version 17
VisualStudioVersion = 17.9.34607.119
MinimumVisualStudioVersion = 10.0.40219.1
Project("{FAE04EC0-301F-11D3-BF4B-00C04F79EFBC}") = "CopyReviewData", "CopyReviewData.csproj", "{CA89AF2D-7237-4ACE-A0F3-4C4CBAD23A33}"
EndProject
Global
	GlobalSection(SolutionConfigurationPlatforms) = preSolution
		Debug|Any CPU = Debug|Any CPU
		Release|Any CPU = Release|Any CPU
	EndGlobalSection
	GlobalSection(ProjectConfigurationPlatforms) = postSolution
		{CA89AF2D-7237-4ACE-A0F3-4C4CBAD23A33}.Debug|Any CPU.ActiveCfg = Debug|Any CPU
		{CA89AF2D-7237-4ACE-A0F3-4C4CBAD23A33}.Debug|Any CPU.Build.0 = Debug|Any CPU
		{CA89AF2D-7237-4ACE-A0F3-4C4CBAD23A33}.Release|Any CPU.ActiveCfg = Release|Any CPU
		{CA89AF2D-7237-4ACE-A0F3-4C4CBAD23A33}.Release|Any CPU.Build.0 = Release|Any CPU
	EndGlobalSection
	GlobalSection(SolutionProperties) = preSolution
		HideSolutionNode = FALSE
	EndGlobalSection
	GlobalSection(ExtensibilityGlobals) = postSolution
		SolutionGuid = {2AEE547E-A0DF-416B-A144-F4EC7590E5AD}
	EndGlobalSection
EndGlobal
