
Microsoft Visual Studio Solution File, Format Version 12.00
# Visual Studio 15
VisualStudioVersion = 15.0.28306.52
MinimumVisualStudioVersion = 10.0.40219.1
Project("{FAE04EC0-301F-11D3-BF4B-00C04F79EFBC}") = "ExportPDFs", "ExportPDFs\ExportPDFs.csproj", "{10D6CC11-1974-487F-AB08-B8BADA4E2CDD}"
EndProject
Global
	GlobalSection(SolutionConfigurationPlatforms) = preSolution
		Debug|Any CPU = Debug|Any CPU
		Release|Any CPU = Release|Any CPU
	EndGlobalSection
	GlobalSection(ProjectConfigurationPlatforms) = postSolution
		{10D6CC11-1974-487F-AB08-B8BADA4E2CDD}.Debug|Any CPU.ActiveCfg = Debug|Any CPU
		{10D6CC11-1974-487F-AB08-B8BADA4E2CDD}.Debug|Any CPU.Build.0 = Debug|Any CPU
		{10D6CC11-1974-487F-AB08-B8BADA4E2CDD}.Release|Any CPU.ActiveCfg = Release|Any CPU
		{10D6CC11-1974-487F-AB08-B8BADA4E2CDD}.Release|Any CPU.Build.0 = Release|Any CPU
	EndGlobalSection
	GlobalSection(SolutionProperties) = preSolution
		HideSolutionNode = FALSE
	EndGlobalSection
	GlobalSection(ExtensibilityGlobals) = postSolution
		SolutionGuid = {33B4F82A-E594-4D0F-88A4-41941D793617}
	EndGlobalSection
EndGlobal
