
Microsoft Visual Studio Solution File, Format Version 12.00
# Visual Studio Version 17
VisualStudioVersion = 17.2.32505.173
MinimumVisualStudioVersion = 10.0.40219.1
Project("{2150E333-8FDC-42A3-9474-1A3956D46DE8}") = "Solution Items", "Solution Items", "{2BFF9400-FE9B-47B3-9FDA-BB40CD18E5EB}"
	ProjectSection(SolutionItems) = preProject
		Dlls\EPPIiFilter.dll = Dlls\EPPIiFilter.dll
	EndProjectSection
EndProject
Project("{2150E333-8FDC-42A3-9474-1A3956D46DE8}") = "SQLScripts", "SQLScripts", "{72D8A03E-A086-4C56-944C-3D84567226AA}"
	ProjectSection(SolutionItems) = preProject
		SQL Scripts\Changes.sql = SQL Scripts\Changes.sql
		SQL Scripts\ConditionalCheckTemplates.sql = SQL Scripts\ConditionalCheckTemplates.sql
		SQL Scripts\DataServicesCreate.sql = SQL Scripts\DataServicesCreate.sql
		SQL Scripts\Generate ALPHA users.sql = SQL Scripts\Generate ALPHA users.sql
		SQL Scripts\generateReviewer 2nd Passage - DATA.sql = SQL Scripts\generateReviewer 2nd Passage - DATA.sql
		SQL Scripts\Placeholder.txt = SQL Scripts\Placeholder.txt
		SQL Scripts\ReviewerAdminGenerateScript.sql = SQL Scripts\ReviewerAdminGenerateScript.sql
		SQL Scripts\ReviewerGenerateScript.sql = SQL Scripts\ReviewerGenerateScript.sql
		SQL Scripts\Setup NOTES.md = SQL Scripts\Setup NOTES.md
	EndProjectSection
EndProject
Project("{9A19103F-16F7-4668-BE54-9A1E7A4F7556}") = "SQL Changes Manager", "SQL Changes Manager\SQL Changes Manager.csproj", "{B5DBFF6E-074D-4E98-AEC9-30DE29F46F5E}"
EndProject
Project("{9A19103F-16F7-4668-BE54-9A1E7A4F7556}") = "ERxWebClient2", "ERxWebClient2\ERxWebClient2.csproj", "{0A2E8B37-6E64-49FB-9375-4FC7E83DE248}"
EndProject
Project("{9A19103F-16F7-4668-BE54-9A1E7A4F7556}") = "WebDatabasesMVC", "WebDatabasesMVC\WebDatabasesMVC.csproj", "{6AA80044-C4EC-4853-ADB0-BA71AE690627}"
EndProject
Project("{9A19103F-16F7-4668-BE54-9A1E7A4F7556}") = "ER-Web-API", "ER-Web\ER-Web-API.csproj", "{EA7D26B7-C6C3-42D9-A2A4-5EF588066EF8}"
EndProject
Project("{54A90642-561A-4BB1-A94E-469ADEE60C69}") = "ER-Web-Client", "ER-Web-Client\ER-Web-Client.esproj", "{FF8E9864-49B7-4A4A-BA1D-FF618CA99D16}"
EndProject
Global
	GlobalSection(SolutionConfigurationPlatforms) = preSolution
		Debug|Any CPU = Debug|Any CPU
		Debug|x64 = Debug|x64
		Debug|x86 = Debug|x86
		Release|Any CPU = Release|Any CPU
		Release|x64 = Release|x64
		Release|x86 = Release|x86
	EndGlobalSection
	GlobalSection(ProjectConfigurationPlatforms) = postSolution
		{B5DBFF6E-074D-4E98-AEC9-30DE29F46F5E}.Debug|Any CPU.ActiveCfg = Debug|Any CPU
		{B5DBFF6E-074D-4E98-AEC9-30DE29F46F5E}.Debug|Any CPU.Build.0 = Debug|Any CPU
		{B5DBFF6E-074D-4E98-AEC9-30DE29F46F5E}.Debug|x64.ActiveCfg = Debug|Any CPU
		{B5DBFF6E-074D-4E98-AEC9-30DE29F46F5E}.Debug|x64.Build.0 = Debug|Any CPU
		{B5DBFF6E-074D-4E98-AEC9-30DE29F46F5E}.Debug|x86.ActiveCfg = Debug|Any CPU
		{B5DBFF6E-074D-4E98-AEC9-30DE29F46F5E}.Debug|x86.Build.0 = Debug|Any CPU
		{B5DBFF6E-074D-4E98-AEC9-30DE29F46F5E}.Release|Any CPU.ActiveCfg = Release|Any CPU
		{B5DBFF6E-074D-4E98-AEC9-30DE29F46F5E}.Release|Any CPU.Build.0 = Release|Any CPU
		{B5DBFF6E-074D-4E98-AEC9-30DE29F46F5E}.Release|x64.ActiveCfg = Release|Any CPU
		{B5DBFF6E-074D-4E98-AEC9-30DE29F46F5E}.Release|x64.Build.0 = Release|Any CPU
		{B5DBFF6E-074D-4E98-AEC9-30DE29F46F5E}.Release|x86.ActiveCfg = Release|Any CPU
		{B5DBFF6E-074D-4E98-AEC9-30DE29F46F5E}.Release|x86.Build.0 = Release|Any CPU
		{0A2E8B37-6E64-49FB-9375-4FC7E83DE248}.Debug|Any CPU.ActiveCfg = Debug|Any CPU
		{0A2E8B37-6E64-49FB-9375-4FC7E83DE248}.Debug|Any CPU.Build.0 = Debug|Any CPU
		{0A2E8B37-6E64-49FB-9375-4FC7E83DE248}.Debug|x64.ActiveCfg = Debug|Any CPU
		{0A2E8B37-6E64-49FB-9375-4FC7E83DE248}.Debug|x64.Build.0 = Debug|Any CPU
		{0A2E8B37-6E64-49FB-9375-4FC7E83DE248}.Debug|x86.ActiveCfg = Debug|Any CPU
		{0A2E8B37-6E64-49FB-9375-4FC7E83DE248}.Debug|x86.Build.0 = Debug|Any CPU
		{0A2E8B37-6E64-49FB-9375-4FC7E83DE248}.Release|Any CPU.ActiveCfg = Release|Any CPU
		{0A2E8B37-6E64-49FB-9375-4FC7E83DE248}.Release|Any CPU.Build.0 = Release|Any CPU
		{0A2E8B37-6E64-49FB-9375-4FC7E83DE248}.Release|x64.ActiveCfg = Release|Any CPU
		{0A2E8B37-6E64-49FB-9375-4FC7E83DE248}.Release|x64.Build.0 = Release|Any CPU
		{0A2E8B37-6E64-49FB-9375-4FC7E83DE248}.Release|x86.ActiveCfg = Release|Any CPU
		{0A2E8B37-6E64-49FB-9375-4FC7E83DE248}.Release|x86.Build.0 = Release|Any CPU
		{6AA80044-C4EC-4853-ADB0-BA71AE690627}.Debug|Any CPU.ActiveCfg = Debug|Any CPU
		{6AA80044-C4EC-4853-ADB0-BA71AE690627}.Debug|Any CPU.Build.0 = Debug|Any CPU
		{6AA80044-C4EC-4853-ADB0-BA71AE690627}.Debug|x64.ActiveCfg = Debug|Any CPU
		{6AA80044-C4EC-4853-ADB0-BA71AE690627}.Debug|x64.Build.0 = Debug|Any CPU
		{6AA80044-C4EC-4853-ADB0-BA71AE690627}.Debug|x86.ActiveCfg = Debug|Any CPU
		{6AA80044-C4EC-4853-ADB0-BA71AE690627}.Debug|x86.Build.0 = Debug|Any CPU
		{6AA80044-C4EC-4853-ADB0-BA71AE690627}.Release|Any CPU.ActiveCfg = Release|Any CPU
		{6AA80044-C4EC-4853-ADB0-BA71AE690627}.Release|Any CPU.Build.0 = Release|Any CPU
		{6AA80044-C4EC-4853-ADB0-BA71AE690627}.Release|x64.ActiveCfg = Release|Any CPU
		{6AA80044-C4EC-4853-ADB0-BA71AE690627}.Release|x64.Build.0 = Release|Any CPU
		{6AA80044-C4EC-4853-ADB0-BA71AE690627}.Release|x86.ActiveCfg = Release|Any CPU
		{6AA80044-C4EC-4853-ADB0-BA71AE690627}.Release|x86.Build.0 = Release|Any CPU
		{EA7D26B7-C6C3-42D9-A2A4-5EF588066EF8}.Debug|Any CPU.ActiveCfg = Debug|Any CPU
		{EA7D26B7-C6C3-42D9-A2A4-5EF588066EF8}.Debug|Any CPU.Build.0 = Debug|Any CPU
		{EA7D26B7-C6C3-42D9-A2A4-5EF588066EF8}.Debug|x64.ActiveCfg = Debug|Any CPU
		{EA7D26B7-C6C3-42D9-A2A4-5EF588066EF8}.Debug|x64.Build.0 = Debug|Any CPU
		{EA7D26B7-C6C3-42D9-A2A4-5EF588066EF8}.Debug|x86.ActiveCfg = Debug|Any CPU
		{EA7D26B7-C6C3-42D9-A2A4-5EF588066EF8}.Debug|x86.Build.0 = Debug|Any CPU
		{EA7D26B7-C6C3-42D9-A2A4-5EF588066EF8}.Release|Any CPU.ActiveCfg = Release|Any CPU
		{EA7D26B7-C6C3-42D9-A2A4-5EF588066EF8}.Release|Any CPU.Build.0 = Release|Any CPU
		{EA7D26B7-C6C3-42D9-A2A4-5EF588066EF8}.Release|x64.ActiveCfg = Release|Any CPU
		{EA7D26B7-C6C3-42D9-A2A4-5EF588066EF8}.Release|x64.Build.0 = Release|Any CPU
		{EA7D26B7-C6C3-42D9-A2A4-5EF588066EF8}.Release|x86.ActiveCfg = Release|Any CPU
		{EA7D26B7-C6C3-42D9-A2A4-5EF588066EF8}.Release|x86.Build.0 = Release|Any CPU
		{FF8E9864-49B7-4A4A-BA1D-FF618CA99D16}.Debug|Any CPU.ActiveCfg = Debug|Any CPU
		{FF8E9864-49B7-4A4A-BA1D-FF618CA99D16}.Debug|Any CPU.Build.0 = Debug|Any CPU
		{FF8E9864-49B7-4A4A-BA1D-FF618CA99D16}.Debug|Any CPU.Deploy.0 = Debug|Any CPU
		{FF8E9864-49B7-4A4A-BA1D-FF618CA99D16}.Debug|x64.ActiveCfg = Debug|Any CPU
		{FF8E9864-49B7-4A4A-BA1D-FF618CA99D16}.Debug|x64.Build.0 = Debug|Any CPU
		{FF8E9864-49B7-4A4A-BA1D-FF618CA99D16}.Debug|x64.Deploy.0 = Debug|Any CPU
		{FF8E9864-49B7-4A4A-BA1D-FF618CA99D16}.Debug|x86.ActiveCfg = Debug|Any CPU
		{FF8E9864-49B7-4A4A-BA1D-FF618CA99D16}.Debug|x86.Build.0 = Debug|Any CPU
		{FF8E9864-49B7-4A4A-BA1D-FF618CA99D16}.Debug|x86.Deploy.0 = Debug|Any CPU
		{FF8E9864-49B7-4A4A-BA1D-FF618CA99D16}.Release|Any CPU.ActiveCfg = Release|Any CPU
		{FF8E9864-49B7-4A4A-BA1D-FF618CA99D16}.Release|Any CPU.Build.0 = Release|Any CPU
		{FF8E9864-49B7-4A4A-BA1D-FF618CA99D16}.Release|Any CPU.Deploy.0 = Release|Any CPU
		{FF8E9864-49B7-4A4A-BA1D-FF618CA99D16}.Release|x64.ActiveCfg = Release|Any CPU
		{FF8E9864-49B7-4A4A-BA1D-FF618CA99D16}.Release|x64.Build.0 = Release|Any CPU
		{FF8E9864-49B7-4A4A-BA1D-FF618CA99D16}.Release|x64.Deploy.0 = Release|Any CPU
		{FF8E9864-49B7-4A4A-BA1D-FF618CA99D16}.Release|x86.ActiveCfg = Release|Any CPU
		{FF8E9864-49B7-4A4A-BA1D-FF618CA99D16}.Release|x86.Build.0 = Release|Any CPU
		{FF8E9864-49B7-4A4A-BA1D-FF618CA99D16}.Release|x86.Deploy.0 = Release|Any CPU
	EndGlobalSection
	GlobalSection(SolutionProperties) = preSolution
		HideSolutionNode = FALSE
	EndGlobalSection
	GlobalSection(NestedProjects) = preSolution
		{72D8A03E-A086-4C56-944C-3D84567226AA} = {2BFF9400-FE9B-47B3-9FDA-BB40CD18E5EB}
	EndGlobalSection
	GlobalSection(ExtensibilityGlobals) = postSolution
		SolutionGuid = {1CEA4901-12F0-4729-B3CF-E3A96F803AFB}
	EndGlobalSection
EndGlobal
